
Microsoft Visual Studio Solution File, Format Version 12.00
# Visual Studio Version 17
VisualStudioVersion = 17.0.31903.59
MinimumVisualStudioVersion = 10.0.40219.1
Project("{2150E333-8FDC-42A3-9474-1A3956D46DE8}") = ".net", ".net", "{C10A88A8-AB39-426A-84A0-65244CECF271}"
EndProject
Project("{2150E333-8FDC-42A3-9474-1A3956D46DE8}") = "1 try", "1 try", "{1E8D928A-1DB7-4DBE-BB47-B4D830060F96}"
EndProject
Project("{FAE04EC0-301F-11D3-BF4B-00C04F79EFBC}") = "ConsoleApp1", ".net\1 try\ConsoleApp1\ConsoleApp1.csproj", "{4DA1F43E-B908-4B54-A4D9-2B84196FEE25}"
EndProject
Project("{FAE04EC0-301F-11D3-BF4B-00C04F79EFBC}") = "WebApplication1", "WebApplication1\WebApplication1.csproj", "{EDDB9DAE-FA49-4488-9E85-2B22E9B56284}"
EndProject
Global
	GlobalSection(SolutionConfigurationPlatforms) = preSolution
		Debug|Any CPU = Debug|Any CPU
		Release|Any CPU = Release|Any CPU
	EndGlobalSection
	GlobalSection(SolutionProperties) = preSolution
		HideSolutionNode = FALSE
	EndGlobalSection
	GlobalSection(ProjectConfigurationPlatforms) = postSolution
		{4DA1F43E-B908-4B54-A4D9-2B84196FEE25}.Debug|Any CPU.ActiveCfg = Debug|Any CPU
		{4DA1F43E-B908-4B54-A4D9-2B84196FEE25}.Debug|Any CPU.Build.0 = Debug|Any CPU
		{4DA1F43E-B908-4B54-A4D9-2B84196FEE25}.Release|Any CPU.ActiveCfg = Release|Any CPU
		{4DA1F43E-B908-4B54-A4D9-2B84196FEE25}.Release|Any CPU.Build.0 = Release|Any CPU
		{EDDB9DAE-FA49-4488-9E85-2B22E9B56284}.Debug|Any CPU.ActiveCfg = Debug|Any CPU
		{EDDB9DAE-FA49-4488-9E85-2B22E9B56284}.Debug|Any CPU.Build.0 = Debug|Any CPU
		{EDDB9DAE-FA49-4488-9E85-2B22E9B56284}.Release|Any CPU.ActiveCfg = Release|Any CPU
		{EDDB9DAE-FA49-4488-9E85-2B22E9B56284}.Release|Any CPU.Build.0 = Release|Any CPU
	EndGlobalSection
	GlobalSection(NestedProjects) = preSolution
		{1E8D928A-1DB7-4DBE-BB47-B4D830060F96} = {C10A88A8-AB39-426A-84A0-65244CECF271}
		{4DA1F43E-B908-4B54-A4D9-2B84196FEE25} = {1E8D928A-1DB7-4DBE-BB47-B4D830060F96}
	EndGlobalSection
EndGlobal
